
Microsoft Visual Studio Solution File, Format Version 12.00
# Visual Studio Version 17
VisualStudioVersion = 17.0.32126.317
MinimumVisualStudioVersion = 10.0.40219.1
Project("{FAE04EC0-301F-11D3-BF4B-00C04F79EFBC}") = "TollBoothManagementSystem", "TollBoothManagementSystem.csproj", "{040CA802-71DA-4D45-9E2A-49CBF37F70E7}"
EndProject
Project("{54435603-DBB4-11D2-8724-00A0C9A8B90C}") = "Setup", "..\Setup\Setup.vdproj", "{4417C080-C9D5-4976-AB70-CBBBB06A5B4A}"
EndProject
Global
	GlobalSection(SolutionConfigurationPlatforms) = preSolution
		Debug|Any CPU = Debug|Any CPU
		Release|Any CPU = Release|Any CPU
	EndGlobalSection
	GlobalSection(ProjectConfigurationPlatforms) = postSolution
		{040CA802-71DA-4D45-9E2A-49CBF37F70E7}.Debug|Any CPU.ActiveCfg = Debug|Any CPU
		{040CA802-71DA-4D45-9E2A-49CBF37F70E7}.Debug|Any CPU.Build.0 = Debug|Any CPU
		{040CA802-71DA-4D45-9E2A-49CBF37F70E7}.Release|Any CPU.ActiveCfg = Release|Any CPU
		{040CA802-71DA-4D45-9E2A-49CBF37F70E7}.Release|Any CPU.Build.0 = Release|Any CPU
		{4417C080-C9D5-4976-AB70-CBBBB06A5B4A}.Debug|Any CPU.ActiveCfg = Debug
		{4417C080-C9D5-4976-AB70-CBBBB06A5B4A}.Release|Any CPU.ActiveCfg = Release
	EndGlobalSection
	GlobalSection(SolutionProperties) = preSolution
		HideSolutionNode = FALSE
	EndGlobalSection
	GlobalSection(ExtensibilityGlobals) = postSolution
		SolutionGuid = {390A8914-32FB-4CA3-9E7E-D1335F895BF6}
	EndGlobalSection
EndGlobal
